PODS:
  - AppAuth (1.7.6):
    - AppAuth/Core (= 1.7.6)
    - AppAuth/ExternalUserAgent (= 1.7.6)
  - AppAuth/Core (1.7.6)
  - AppAuth/ExternalUserAgent (1.7.6):
    - AppAuth/Core
  - Flutter (1.0.0)
  - kinde_flutter_sdk_ios (0.0.1):
    - AppAuth (>= 1.6.2)
    - Flutter

DEPENDENCIES:
  - Flutter (from `Flutter`)
  - kinde_flutter_sdk_ios (from `.symlinks/plugins/kinde_flutter_sdk_ios/ios`)

SPEC REPOS:
  trunk:
    - AppAuth

EXTERNAL SOURCES:
  Flutter:
    :path: Flutter
  kinde_flutter_sdk_ios:
    :path: ".symlinks/plugins/kinde_flutter_sdk_ios/ios"

SPEC CHECKSUMS:
  AppAuth: d4f13a8fe0baf391b2108511793e4b479691fb73
  Flutter: e0871f40cf51350855a761d2e70bf5af5b9b5de7
  kinde_flutter_sdk_ios: 8a9a30b1e5890617c69339b37c11dda8143e1ca7

PODFILE CHECKSUM: a57f30d18f102dd3ce366b1d62a55ecbef2158e5

COCOAPODS: 1.16.2
